
Microsoft Visual Studio Solution File, Format Version 12.00
# Visual Studio Version 17
VisualStudioVersion = 17.8.34330.188
MinimumVisualStudioVersion = 10.0.40219.1
Project("{9A19103F-16F7-4668-BE54-9A1E7A4F7556}") = "MidiToKeyboard.Application.Test", "MidiToKeyboard.Application.Test.csproj", "{8ED3EAF5-DCB7-43C1-B0FE-41E878C7E0B1}"
EndProject
Project("{9A19103F-16F7-4668-BE54-9A1E7A4F7556}") = "MidiToKeyboard.Midi", "..\MidiToKeyboard.Midi\MidiToKeyboard.Midi.csproj", "{6F396E33-6895-4C6C-8F3D-5BB2D9C5987E}"
EndProject
Project("{9A19103F-16F7-4668-BE54-9A1E7A4F7556}") = "MidiToKeyboard.Keyborad", "..\MidiToKeyboard.Keyborad\MidiToKeyboard.Keyborad.csproj", "{5D183FBD-0A64-43B0-B7B4-268E9FBDD1BC}"
EndProject
Project("{FAE04EC0-301F-11D3-BF4B-00C04F79EFBC}") = "MidiToKeyBoard.Core", "..\MidiToKeyBoard.Core\MidiToKeyBoard.Core.csproj", "{76E13E27-FED4-48B8-8195-855050ACAB17}"
EndProject
Global
	GlobalSection(SolutionConfigurationPlatforms) = preSolution
		Debug|Any CPU = Debug|Any CPU
		Release|Any CPU = Release|Any CPU
	EndGlobalSection
	GlobalSection(ProjectConfigurationPlatforms) = postSolution
		{8ED3EAF5-DCB7-43C1-B0FE-41E878C7E0B1}.Debug|Any CPU.ActiveCfg = Debug|Any CPU
		{8ED3EAF5-DCB7-43C1-B0FE-41E878C7E0B1}.Debug|Any CPU.Build.0 = Debug|Any CPU
		{8ED3EAF5-DCB7-43C1-B0FE-41E878C7E0B1}.Release|Any CPU.ActiveCfg = Release|Any CPU
		{8ED3EAF5-DCB7-43C1-B0FE-41E878C7E0B1}.Release|Any CPU.Build.0 = Release|Any CPU
		{6F396E33-6895-4C6C-8F3D-5BB2D9C5987E}.Debug|Any CPU.ActiveCfg = Debug|Any CPU
		{6F396E33-6895-4C6C-8F3D-5BB2D9C5987E}.Debug|Any CPU.Build.0 = Debug|Any CPU
		{6F396E33-6895-4C6C-8F3D-5BB2D9C5987E}.Release|Any CPU.ActiveCfg = Release|Any CPU
		{6F396E33-6895-4C6C-8F3D-5BB2D9C5987E}.Release|Any CPU.Build.0 = Release|Any CPU
		{5D183FBD-0A64-43B0-B7B4-268E9FBDD1BC}.Debug|Any CPU.ActiveCfg = Debug|Any CPU
		{5D183FBD-0A64-43B0-B7B4-268E9FBDD1BC}.Debug|Any CPU.Build.0 = Debug|Any CPU
		{5D183FBD-0A64-43B0-B7B4-268E9FBDD1BC}.Release|Any CPU.ActiveCfg = Release|Any CPU
		{5D183FBD-0A64-43B0-B7B4-268E9FBDD1BC}.Release|Any CPU.Build.0 = Release|Any CPU
		{76E13E27-FED4-48B8-8195-855050ACAB17}.Debug|Any CPU.ActiveCfg = Debug|Any CPU
		{76E13E27-FED4-48B8-8195-855050ACAB17}.Debug|Any CPU.Build.0 = Debug|Any CPU
		{76E13E27-FED4-48B8-8195-855050ACAB17}.Release|Any CPU.ActiveCfg = Release|Any CPU
		{76E13E27-FED4-48B8-8195-855050ACAB17}.Release|Any CPU.Build.0 = Release|Any CPU
	EndGlobalSection
	GlobalSection(SolutionProperties) = preSolution
		HideSolutionNode = FALSE
	EndGlobalSection
	GlobalSection(ExtensibilityGlobals) = postSolution
		SolutionGuid = {13A45551-0772-46ED-B5C7-95AC23F946A0}
	EndGlobalSection
EndGlobal
